
Microsoft Visual Studio Solution File, Format Version 12.00
# Visual Studio Version 16
VisualStudioVersion = 16.0.32510.428
MinimumVisualStudioVersion = 10.0.40219.1
Project("{FAE04EC0-301F-11D3-BF4B-00C04F79EFBC}") = "Autoinspection", "Autoinspection\Autoinspection.csproj", "{BBFBE750-4ED2-4F0C-AC3E-0BBB118EAD11}"
EndProject
Global
	GlobalSection(SolutionConfigurationPlatforms) = preSolution
		Debug|Any CPU = Debug|Any CPU
		Release|Any CPU = Release|Any CPU
	EndGlobalSection
	GlobalSection(ProjectConfigurationPlatforms) = postSolution
		{BBFBE750-4ED2-4F0C-AC3E-0BBB118EAD11}.Debug|Any CPU.ActiveCfg = Debug|Any CPU
		{BBFBE750-4ED2-4F0C-AC3E-0BBB118EAD11}.Debug|Any CPU.Build.0 = Debug|Any CPU
		{BBFBE750-4ED2-4F0C-AC3E-0BBB118EAD11}.Release|Any CPU.ActiveCfg = Release|Any CPU
		{BBFBE750-4ED2-4F0C-AC3E-0BBB118EAD11}.Release|Any CPU.Build.0 = Release|Any CPU
	EndGlobalSection
	GlobalSection(SolutionProperties) = preSolution
		HideSolutionNode = FALSE
	EndGlobalSection
	GlobalSection(ExtensibilityGlobals) = postSolution
		SolutionGuid = {A3FE8037-C370-454E-8D11-3C7D461397B1}
	EndGlobalSection
EndGlobal
